
Microsoft Visual Studio Solution File, Format Version 12.00
# Visual Studio 15
VisualStudioVersion = 15.0.27130.2003
MinimumVisualStudioVersion = 10.0.40219.1
Project("{00D1A9C2-B5F0-4AF3-8072-F6C62B433612}") = "FiiiChain.Database", "FiiiChain.Database\FiiiChain.Database.sqlproj", "{51D343D6-E947-4B1B-BFAC-9C1269F13C7D}"
EndProject
Project("{9A19103F-16F7-4668-BE54-9A1E7A4F7556}") = "FiiiChain.Framework", "FiiiChain.Framework\FiiiChain.Framework.csproj", "{E855EDB9-F80C-4C85-9164-C588823DADE1}"
EndProject
Project("{9A19103F-16F7-4668-BE54-9A1E7A4F7556}") = "FiiiChain.Data", "FiiiChain.Data\FiiiChain.Data.csproj", "{0163A58A-4E5F-4BA5-83D1-A0253424AED6}"
EndProject
Project("{9A19103F-16F7-4668-BE54-9A1E7A4F7556}") = "FiiiChain.Entities", "FiiiChain.Entities\FiiiChain.Entities.csproj", "{5816A757-2DFD-48EF-80A8-88424B2EADCA}"
EndProject
Project("{2150E333-8FDC-42A3-9474-1A3956D46DE8}") = "Shared", "Shared", "{34BDD94A-24BC-4E08-8509-5D6657F4CDEA}"
EndProject
Project("{2150E333-8FDC-42A3-9474-1A3956D46DE8}") = "Data", "Data", "{F71D5CCC-6811-43A9-8C92-245C7ACBFD3F}"
EndProject
Project("{2150E333-8FDC-42A3-9474-1A3956D46DE8}") = "Business", "Business", "{E16D79AA-6B93-4634-90E6-3A445E6D2009}"
EndProject
Project("{2150E333-8FDC-42A3-9474-1A3956D46DE8}") = "Services", "Services", "{F69469CF-1532-4491-A797-E560166909EB}"
EndProject
Project("{2150E333-8FDC-42A3-9474-1A3956D46DE8}") = "Presentation", "Presentation", "{0E23F4E6-C4E6-44C6-9E5A-D1E0AE07FCFF}"
EndProject
Project("{9A19103F-16F7-4668-BE54-9A1E7A4F7556}") = "FiiiChain.DataAgent", "FiiiChain.DataAgent\FiiiChain.DataAgent.csproj", "{B299216D-39D5-41D8-A009-E39918748A94}"
EndProject
Project("{9A19103F-16F7-4668-BE54-9A1E7A4F7556}") = "FiiiChain.Business", "FiiiChain.Business\FiiiChain.Business.csproj", "{B66BC686-386B-4C97-9070-402151E4414A}"
EndProject
Project("{9A19103F-16F7-4668-BE54-9A1E7A4F7556}") = "FiiiChain.Consensus", "FiiiChain.Consensus\FiiiChain.Consensus.csproj", "{C26C1234-5C33-41A8-91CB-1FF223BD3B03}"
EndProject
Project("{9A19103F-16F7-4668-BE54-9A1E7A4F7556}") = "FiiiChain.MinerTest", "FiiiChain.MinerTest\FiiiChain.MinerTest.csproj", "{37C935FF-4F39-4D0F-8EDC-FADB1BB8295B}"
EndProject
Project("{9A19103F-16F7-4668-BE54-9A1E7A4F7556}") = "FiiiChain.Messages", "FiiiChain.Messages\FiiiChain.Messages.csproj", "{0964DA15-D947-427D-AB07-4A63B8D9F527}"
EndProject
Project("{9A19103F-16F7-4668-BE54-9A1E7A4F7556}") = "FiiiChain.Node", "FiiiChain.Node\FiiiChain.Node.csproj", "{CA4F351F-D8D6-4F8A-8FAA-9A0AD643B1AE}"
EndProject
Project("{9A19103F-16F7-4668-BE54-9A1E7A4F7556}") = "FiiiChain.Wallet.API", "FiiiChain.Wallet.API\FiiiChain.Wallet.API.csproj", "{56D87D0E-99D6-4437-BE2A-492F2D624D86}"
EndProject
Project("{9A19103F-16F7-4668-BE54-9A1E7A4F7556}") = "FiiiChain.Tracker", "FiiiChain.Tracker\FiiiChain.Tracker.csproj", "{11D92E82-A256-4656-A640-D719EEA23ACE}"
EndProject
Project("{9A19103F-16F7-4668-BE54-9A1E7A4F7556}") = "FiiiChain.DTO", "FiiiChain.DTO\FiiiChain.DTO.csproj", "{DF96D5A4-C007-4C11-B1E1-43D36AFA4622}"
EndProject
Project("{9A19103F-16F7-4668-BE54-9A1E7A4F7556}") = "FiiiChain.MiningPool", "FiiiChain.MiningPool\FiiiChain.MiningPool.csproj", "{B0C88601-9BA5-4998-A621-C4F50B64967E}"
EndProject
Project("{9A19103F-16F7-4668-BE54-9A1E7A4F7556}") = "FiiiChain.PoolMessages", "FiiiChain.PoolMessages\FiiiChain.PoolMessages.csproj", "{167D2A1A-F499-4074-AD0F-B30D9B70C55A}"
EndProject
Project("{9A19103F-16F7-4668-BE54-9A1E7A4F7556}") = "FiiiChain.MiningPool.API", "FiiiChain.MiningPool.API\FiiiChain.MiningPool.API.csproj", "{C7DA2DCC-7154-4373-A43B-B57FF2EFF244}"
EndProject
Project("{00D1A9C2-B5F0-4AF3-8072-F6C62B433612}") = "FiiiChain.MiningPool.Database", "FiiiChain.MiningPool.Database\FiiiChain.MiningPool.Database.sqlproj", "{64AB8406-31DD-4E62-B9ED-45B0D8B0EFC7}"
EndProject
Project("{9A19103F-16F7-4668-BE54-9A1E7A4F7556}") = "FiiiChain.MiningPool.Data", "FiiiChain.MiningPool.Data\FiiiChain.MiningPool.Data.csproj", "{B905ECFA-B32F-4A33-B383-1F53891091DD}"
EndProject
Project("{9A19103F-16F7-4668-BE54-9A1E7A4F7556}") = "FiiiChain.MiningPool.Entities", "FiiiChain.MiningPool.Entities\FiiiChain.MiningPool.Entities.csproj", "{1BF8DA1F-D208-480F-B6FB-824F73E6AE6F}"
EndProject
Project("{9A19103F-16F7-4668-BE54-9A1E7A4F7556}") = "FiiiChain.MiningPool.Award", "FiiiChain.MiningPool.Award\FiiiChain.MiningPool.Award.csproj", "{D72D6126-1136-4ECF-963D-BC9EDE2FF735}"
EndProject
Project("{9A19103F-16F7-4668-BE54-9A1E7A4F7556}") = "FiiiChain.InvestorAward", "FiiiChain.InvestorAward\FiiiChain.InvestorAward.csproj", "{3ADAD91D-8B95-431C-B24E-AD2FF47E4332}"
EndProject
Project("{9A19103F-16F7-4668-BE54-9A1E7A4F7556}") = "FiiiChain.MiningPool.Business", "FiiiChain.MiningPool.Business\FiiiChain.MiningPool.Business.csproj", "{C38C410B-F048-4B3C-B1FB-62F9B8C4BC86}"
EndProject
Project("{2150E333-8FDC-42A3-9474-1A3956D46DE8}") = "Tools", "Tools", "{01B73C11-DBC0-46F6-AB45-C67F36246F3B}"
EndProject
Project("{9A19103F-16F7-4668-BE54-9A1E7A4F7556}") = "GenerateMiningPool", "GenerateMiningPool\GenerateMiningPool.csproj", "{85EAC0CA-F6A5-4219-8842-C7B28B9CDDFB}"
EndProject
Project("{9A19103F-16F7-4668-BE54-9A1E7A4F7556}") = "FiiiChain.AliMQ", "FiiiChain.AliMQ\FiiiChain.AliMQ.csproj", "{9D3BDE94-18B7-41DE-8935-3DCF233025F4}"
EndProject
Project("{2150E333-8FDC-42A3-9474-1A3956D46DE8}") = "NewMiningPool", "NewMiningPool", "{950B5B4F-1658-45B0-B73E-75A64976CB39}"
EndProject
Project("{2150E333-8FDC-42A3-9474-1A3956D46DE8}") = "Presentation", "Presentation", "{BDCA77FE-898A-4478-B114-D5D1C4D72486}"
EndProject
Project("{9A19103F-16F7-4668-BE54-9A1E7A4F7556}") = "FiiiChain.Pool", "FiiiChain.Pool\FiiiChain.Pool.csproj", "{AA712A74-824C-4162-AC80-812ACE0C1FAF}"
EndProject
Project("{9A19103F-16F7-4668-BE54-9A1E7A4F7556}") = "FiiiChain.PoolCenter", "FiiiChain.PoolCenter\FiiiChain.PoolCenter.csproj", "{BF62CD7C-252B-4C32-80C8-29C2A6D68BE8}"
EndProject
Project("{2150E333-8FDC-42A3-9474-1A3956D46DE8}") = "Shared", "Shared", "{6FB26F88-AD6D-49D5-9FDE-49B017AA7ADA}"
EndProject
Project("{9A19103F-16F7-4668-BE54-9A1E7A4F7556}") = "FiiiChain.ShareModels", "FiiiChain.ShareModels\FiiiChain.ShareModels.csproj", "{704AB1C2-44DA-4B0C-B96D-1F1A01487A47}"
EndProject
Project("{2150E333-8FDC-42A3-9474-1A3956D46DE8}") = "Test", "Test", "{67E88883-E962-4AC7-9F2A-26F9B38CF24D}"
EndProject
Project("{9A19103F-16F7-4668-BE54-9A1E7A4F7556}") = "FiiiChain.AliMQ.Test", "FiiiChain.AliMQ.Test\FiiiChain.AliMQ.Test.csproj", "{3E8D5997-6442-45CF-9571-69625B42D45D}"
EndProject
Project("{9A19103F-16F7-4668-BE54-9A1E7A4F7556}") = "FiiiChain.Pool.Redis", "FiiiChain.Pool.Redis\FiiiChain.Pool.Redis.csproj", "{21DD9CFE-CF09-48BA-9A76-4F685D59DAEC}"
EndProject
Project("{9A19103F-16F7-4668-BE54-9A1E7A4F7556}") = "FiiiChain.KafkaMQ", "FiiiChain.KafkaMQ\FiiiChain.KafkaMQ.csproj", "{06FBD2E7-38F8-4754-8B9F-CFBA103EF97B}"
EndProject
Project("{9A19103F-16F7-4668-BE54-9A1E7A4F7556}") = "FiiiChain.Redis.Test", "FiiiChain.Redis.Test\FiiiChain.Redis.Test.csproj", "{AA6D6B98-8A19-4A52-B641-32C5BB2D3078}"
EndProject
Project("{9A19103F-16F7-4668-BE54-9A1E7A4F7556}") = "FiiiChain.KafkaMQ.Test", "FiiiChain.KafkaMQ.Test\FiiiChain.KafkaMQ.Test.csproj", "{D31F20FB-AB00-41BD-A01B-9200FBDA5B03}"
EndProject
Project("{9A19103F-16F7-4668-BE54-9A1E7A4F7556}") = "FiiiChain.KafkaMQConsumer.Test", "FiiiChain.KafkaMQConsumer.Test\FiiiChain.KafkaMQConsumer.Test.csproj", "{445FC131-B0E8-4182-BE1C-9B4EC4C6EC62}"
EndProject
Project("{9A19103F-16F7-4668-BE54-9A1E7A4F7556}") = "FiiiChain.KafkaProducer.Test", "FiiiChain.KafkaProducer.Test\FiiiChain.KafkaProducer.Test.csproj", "{5F5307F7-F8DE-46DF-B2A9-0E0CB36519A9}"
EndProject
Project("{9A19103F-16F7-4668-BE54-9A1E7A4F7556}") = "FiiiChain.Miner.Android", "FiiiChain.Miner.Android\FiiiChain.Miner.Android.csproj", "{6BA78277-CC2F-4ABC-9A7D-E2E280A197A1}"
EndProject
Project("{2150E333-8FDC-42A3-9474-1A3956D46DE8}") = "Test", "Test", "{AE62032A-3717-4D6F-8498-276F97714184}"
EndProject
Project("{9A19103F-16F7-4668-BE54-9A1E7A4F7556}") = "LiteDbTest", "LiteDbTest\LiteDbTest.csproj", "{D0761203-8433-4CE8-940A-64CEAC332FEB}"
EndProject
Project("{9A19103F-16F7-4668-BE54-9A1E7A4F7556}") = "FiiiChain.PosPool", "FiiiChain.PosPool\FiiiChain.PosPool.csproj", "{7AAB8A9B-CBC4-41F3-8694-29AFA611D70F}"
EndProject
Project("{9A19103F-16F7-4668-BE54-9A1E7A4F7556}") = "FiiiChain.MiningPool.Shares", "FiiiChain.MiningPool.Shares\FiiiChain.MiningPool.Shares.csproj", "{65E1E5B2-93A6-49B2-A998-8A3010234457}"
EndProject
Project("{9A19103F-16F7-4668-BE54-9A1E7A4F7556}") = "FiiiChain.PoolApi", "FiiiChain.PoolApi\FiiiChain.PoolApi.csproj", "{A0E5A96D-114F-436B-A3EB-A8BA45E54B27}"
EndProject
Project("{9A19103F-16F7-4668-BE54-9A1E7A4F7556}") = "FiiiChain.ColdNode", "FiiiChain.ColdNode\FiiiChain.ColdNode.csproj", "{9F8738FC-1CBA-48F4-81DB-5E1797131C56}"
EndProject
Project("{9A19103F-16F7-4668-BE54-9A1E7A4F7556}") = "FiiiChain.IModules", "FiiiChain.IModules\FiiiChain.IModules.csproj", "{CAFD94F0-4466-4EBC-B79D-74FACC4EA654}"
EndProject
Project("{2150E333-8FDC-42A3-9474-1A3956D46DE8}") = "Modules", "Modules", "{CF2AC64E-34D0-4DA2-A5EF-2CC86C686F6F}"
EndProject
Project("{9A19103F-16F7-4668-BE54-9A1E7A4F7556}") = "FiiiChain.TempData", "FiiiChain.TempData\FiiiChain.TempData.csproj", "{382512B0-8CD7-49E4-9130-04098178AFA1}"
EndProject
Project("{9A19103F-16F7-4668-BE54-9A1E7A4F7556}") = "TransationsConvertTool", "TransationsConvertTool\TransationsConvertTool.csproj", "{3899CBEA-1712-4271-8DBD-8ABEC04487A0}"
EndProject
Project("{9A19103F-16F7-4668-BE54-9A1E7A4F7556}") = "FiiiChain.Api.Test", "FiiiChain.Api.Test\FiiiChain.Api.Test.csproj", "{82C548A5-FA12-4A4F-BD5D-6A9765E62AE5}"
EndProject
Project("{9A19103F-16F7-4668-BE54-9A1E7A4F7556}") = "FiiiChain.RabbitMQ", "FiiiChain.RabbitMQ\FiiiChain.RabbitMQ.csproj", "{FF0A8B2D-E6DF-4CE3-A688-76B9F360F980}"
EndProject
Project("{9A19103F-16F7-4668-BE54-9A1E7A4F7556}") = "GenerateMiners", "GenerateMiners\GenerateMiners.csproj", "{7BED8B42-6D20-4BBD-86F1-F8FB3F46741F}"
EndProject
Project("{9A19103F-16F7-4668-BE54-9A1E7A4F7556}") = "FiiiChain.NewPool", "FiiiChain.NewPool\FiiiChain.NewPool.csproj", "{75989C0E-2496-4D98-B5E0-1F10B95CCD0D}"
EndProject
Project("{9A19103F-16F7-4668-BE54-9A1E7A4F7556}") = "FiiiChain.NewMinerTest", "FiiiChain.NewMinerTest\FiiiChain.NewMinerTest.csproj", "{631CC553-F56A-42BA-8725-D8A2E6ED1F11}"
EndProject
Project("{9A19103F-16F7-4668-BE54-9A1E7A4F7556}") = "FiiiChain.Stratum", "FiiiChain.Stratum\FiiiChain.Stratum.csproj", "{7457E767-D9D0-4113-AB59-6D1C34880F36}"
EndProject
Project("{9A19103F-16F7-4668-BE54-9A1E7A4F7556}") = "FiiiChain.Node.Initializer", "FiiiChain.Node.Initializer\FiiiChain.Node.Initializer.csproj", "{942FB8B3-B773-4367-BF14-2593207D47FF}"
EndProject
Project("{FAE04EC0-301F-11D3-BF4B-00C04F79EFBC}") = "ConvertUserToLevelDb", "ConvertUserToLevelDb\ConvertUserToLevelDb.csproj", "{8A2B3984-D8C5-4A9E-A0B9-DAF2C898CEB9}"
EndProject
Global
	GlobalSection(SolutionConfigurationPlatforms) = preSolution
		Debug|Any CPU = Debug|Any CPU
		Pro|Any CPU = Pro|Any CPU
		Release|Any CPU = Release|Any CPU
	EndGlobalSection
	GlobalSection(ProjectConfigurationPlatforms) = postSolution
		{51D343D6-E947-4B1B-BFAC-9C1269F13C7D}.Debug|Any CPU.ActiveCfg = Debug|Any CPU
		{51D343D6-E947-4B1B-BFAC-9C1269F13C7D}.Debug|Any CPU.Build.0 = Debug|Any CPU
		{51D343D6-E947-4B1B-BFAC-9C1269F13C7D}.Debug|Any CPU.Deploy.0 = Debug|Any CPU
		{51D343D6-E947-4B1B-BFAC-9C1269F13C7D}.Pro|Any CPU.ActiveCfg = Pro|Any CPU
		{51D343D6-E947-4B1B-BFAC-9C1269F13C7D}.Pro|Any CPU.Build.0 = Pro|Any CPU
		{51D343D6-E947-4B1B-BFAC-9C1269F13C7D}.Pro|Any CPU.Deploy.0 = Pro|Any CPU
		{51D343D6-E947-4B1B-BFAC-9C1269F13C7D}.Release|Any CPU.ActiveCfg = Release|Any CPU
		{51D343D6-E947-4B1B-BFAC-9C1269F13C7D}.Release|Any CPU.Build.0 = Release|Any CPU
		{51D343D6-E947-4B1B-BFAC-9C1269F13C7D}.Release|Any CPU.Deploy.0 = Release|Any CPU
		{E855EDB9-F80C-4C85-9164-C588823DADE1}.Debug|Any CPU.ActiveCfg = Debug|Any CPU
		{E855EDB9-F80C-4C85-9164-C588823DADE1}.Debug|Any CPU.Build.0 = Debug|Any CPU
		{E855EDB9-F80C-4C85-9164-C588823DADE1}.Pro|Any CPU.ActiveCfg = Pro|Any CPU
		{E855EDB9-F80C-4C85-9164-C588823DADE1}.Pro|Any CPU.Build.0 = Pro|Any CPU
		{E855EDB9-F80C-4C85-9164-C588823DADE1}.Release|Any CPU.ActiveCfg = Release|Any CPU
		{E855EDB9-F80C-4C85-9164-C588823DADE1}.Release|Any CPU.Build.0 = Release|Any CPU
		{0163A58A-4E5F-4BA5-83D1-A0253424AED6}.Debug|Any CPU.ActiveCfg = Debug|Any CPU
		{0163A58A-4E5F-4BA5-83D1-A0253424AED6}.Debug|Any CPU.Build.0 = Debug|Any CPU
		{0163A58A-4E5F-4BA5-83D1-A0253424AED6}.Pro|Any CPU.ActiveCfg = Pro|Any CPU
		{0163A58A-4E5F-4BA5-83D1-A0253424AED6}.Pro|Any CPU.Build.0 = Pro|Any CPU
		{0163A58A-4E5F-4BA5-83D1-A0253424AED6}.Release|Any CPU.ActiveCfg = Release|Any CPU
		{0163A58A-4E5F-4BA5-83D1-A0253424AED6}.Release|Any CPU.Build.0 = Release|Any CPU
		{5816A757-2DFD-48EF-80A8-88424B2EADCA}.Debug|Any CPU.ActiveCfg = Debug|Any CPU
		{5816A757-2DFD-48EF-80A8-88424B2EADCA}.Debug|Any CPU.Build.0 = Debug|Any CPU
		{5816A757-2DFD-48EF-80A8-88424B2EADCA}.Pro|Any CPU.ActiveCfg = Pro|Any CPU
		{5816A757-2DFD-48EF-80A8-88424B2EADCA}.Pro|Any CPU.Build.0 = Pro|Any CPU
		{5816A757-2DFD-48EF-80A8-88424B2EADCA}.Release|Any CPU.ActiveCfg = Release|Any CPU
		{5816A757-2DFD-48EF-80A8-88424B2EADCA}.Release|Any CPU.Build.0 = Release|Any CPU
		{B299216D-39D5-41D8-A009-E39918748A94}.Debug|Any CPU.ActiveCfg = Debug|Any CPU
		{B299216D-39D5-41D8-A009-E39918748A94}.Debug|Any CPU.Build.0 = Debug|Any CPU
		{B299216D-39D5-41D8-A009-E39918748A94}.Pro|Any CPU.ActiveCfg = Pro|Any CPU
		{B299216D-39D5-41D8-A009-E39918748A94}.Pro|Any CPU.Build.0 = Pro|Any CPU
		{B299216D-39D5-41D8-A009-E39918748A94}.Release|Any CPU.ActiveCfg = Release|Any CPU
		{B299216D-39D5-41D8-A009-E39918748A94}.Release|Any CPU.Build.0 = Release|Any CPU
		{B66BC686-386B-4C97-9070-402151E4414A}.Debug|Any CPU.ActiveCfg = Debug|Any CPU
		{B66BC686-386B-4C97-9070-402151E4414A}.Debug|Any CPU.Build.0 = Debug|Any CPU
		{B66BC686-386B-4C97-9070-402151E4414A}.Pro|Any CPU.ActiveCfg = Pro|Any CPU
		{B66BC686-386B-4C97-9070-402151E4414A}.Pro|Any CPU.Build.0 = Pro|Any CPU
		{B66BC686-386B-4C97-9070-402151E4414A}.Release|Any CPU.ActiveCfg = Release|Any CPU
		{B66BC686-386B-4C97-9070-402151E4414A}.Release|Any CPU.Build.0 = Release|Any CPU
		{C26C1234-5C33-41A8-91CB-1FF223BD3B03}.Debug|Any CPU.ActiveCfg = Debug|Any CPU
		{C26C1234-5C33-41A8-91CB-1FF223BD3B03}.Debug|Any CPU.Build.0 = Debug|Any CPU
		{C26C1234-5C33-41A8-91CB-1FF223BD3B03}.Pro|Any CPU.ActiveCfg = Pro|Any CPU
		{C26C1234-5C33-41A8-91CB-1FF223BD3B03}.Pro|Any CPU.Build.0 = Pro|Any CPU
		{C26C1234-5C33-41A8-91CB-1FF223BD3B03}.Release|Any CPU.ActiveCfg = Release|Any CPU
		{C26C1234-5C33-41A8-91CB-1FF223BD3B03}.Release|Any CPU.Build.0 = Release|Any CPU
		{37C935FF-4F39-4D0F-8EDC-FADB1BB8295B}.Debug|Any CPU.ActiveCfg = Debug|Any CPU
		{37C935FF-4F39-4D0F-8EDC-FADB1BB8295B}.Debug|Any CPU.Build.0 = Debug|Any CPU
		{37C935FF-4F39-4D0F-8EDC-FADB1BB8295B}.Pro|Any CPU.ActiveCfg = Pro|Any CPU
		{37C935FF-4F39-4D0F-8EDC-FADB1BB8295B}.Pro|Any CPU.Build.0 = Pro|Any CPU
		{37C935FF-4F39-4D0F-8EDC-FADB1BB8295B}.Release|Any CPU.ActiveCfg = Release|Any CPU
		{37C935FF-4F39-4D0F-8EDC-FADB1BB8295B}.Release|Any CPU.Build.0 = Release|Any CPU
		{0964DA15-D947-427D-AB07-4A63B8D9F527}.Debug|Any CPU.ActiveCfg = Debug|Any CPU
		{0964DA15-D947-427D-AB07-4A63B8D9F527}.Debug|Any CPU.Build.0 = Debug|Any CPU
		{0964DA15-D947-427D-AB07-4A63B8D9F527}.Pro|Any CPU.ActiveCfg = Pro|Any CPU
		{0964DA15-D947-427D-AB07-4A63B8D9F527}.Pro|Any CPU.Build.0 = Pro|Any CPU
		{0964DA15-D947-427D-AB07-4A63B8D9F527}.Release|Any CPU.ActiveCfg = Release|Any CPU
		{0964DA15-D947-427D-AB07-4A63B8D9F527}.Release|Any CPU.Build.0 = Release|Any CPU
		{CA4F351F-D8D6-4F8A-8FAA-9A0AD643B1AE}.Debug|Any CPU.ActiveCfg = Debug|Any CPU
		{CA4F351F-D8D6-4F8A-8FAA-9A0AD643B1AE}.Debug|Any CPU.Build.0 = Debug|Any CPU
		{CA4F351F-D8D6-4F8A-8FAA-9A0AD643B1AE}.Pro|Any CPU.ActiveCfg = Pro|Any CPU
		{CA4F351F-D8D6-4F8A-8FAA-9A0AD643B1AE}.Pro|Any CPU.Build.0 = Pro|Any CPU
		{CA4F351F-D8D6-4F8A-8FAA-9A0AD643B1AE}.Release|Any CPU.ActiveCfg = Release|Any CPU
		{CA4F351F-D8D6-4F8A-8FAA-9A0AD643B1AE}.Release|Any CPU.Build.0 = Release|Any CPU
		{56D87D0E-99D6-4437-BE2A-492F2D624D86}.Debug|Any CPU.ActiveCfg = Debug|Any CPU
		{56D87D0E-99D6-4437-BE2A-492F2D624D86}.Debug|Any CPU.Build.0 = Debug|Any CPU
		{56D87D0E-99D6-4437-BE2A-492F2D624D86}.Pro|Any CPU.ActiveCfg = Pro|Any CPU
		{56D87D0E-99D6-4437-BE2A-492F2D624D86}.Pro|Any CPU.Build.0 = Pro|Any CPU
		{56D87D0E-99D6-4437-BE2A-492F2D624D86}.Release|Any CPU.ActiveCfg = Release|Any CPU
		{56D87D0E-99D6-4437-BE2A-492F2D624D86}.Release|Any CPU.Build.0 = Release|Any CPU
		{11D92E82-A256-4656-A640-D719EEA23ACE}.Debug|Any CPU.ActiveCfg = Debug|Any CPU
		{11D92E82-A256-4656-A640-D719EEA23ACE}.Debug|Any CPU.Build.0 = Debug|Any CPU
		{11D92E82-A256-4656-A640-D719EEA23ACE}.Pro|Any CPU.ActiveCfg = Pro|Any CPU
		{11D92E82-A256-4656-A640-D719EEA23ACE}.Pro|Any CPU.Build.0 = Pro|Any CPU
		{11D92E82-A256-4656-A640-D719EEA23ACE}.Release|Any CPU.ActiveCfg = Release|Any CPU
		{11D92E82-A256-4656-A640-D719EEA23ACE}.Release|Any CPU.Build.0 = Release|Any CPU
		{DF96D5A4-C007-4C11-B1E1-43D36AFA4622}.Debug|Any CPU.ActiveCfg = Debug|Any CPU
		{DF96D5A4-C007-4C11-B1E1-43D36AFA4622}.Debug|Any CPU.Build.0 = Debug|Any CPU
		{DF96D5A4-C007-4C11-B1E1-43D36AFA4622}.Pro|Any CPU.ActiveCfg = Pro|Any CPU
		{DF96D5A4-C007-4C11-B1E1-43D36AFA4622}.Pro|Any CPU.Build.0 = Pro|Any CPU
		{DF96D5A4-C007-4C11-B1E1-43D36AFA4622}.Release|Any CPU.ActiveCfg = Release|Any CPU
		{DF96D5A4-C007-4C11-B1E1-43D36AFA4622}.Release|Any CPU.Build.0 = Release|Any CPU
		{B0C88601-9BA5-4998-A621-C4F50B64967E}.Debug|Any CPU.ActiveCfg = Debug|Any CPU
		{B0C88601-9BA5-4998-A621-C4F50B64967E}.Debug|Any CPU.Build.0 = Debug|Any CPU
		{B0C88601-9BA5-4998-A621-C4F50B64967E}.Pro|Any CPU.ActiveCfg = Debug|Any CPU
		{B0C88601-9BA5-4998-A621-C4F50B64967E}.Pro|Any CPU.Build.0 = Debug|Any CPU
		{B0C88601-9BA5-4998-A621-C4F50B64967E}.Release|Any CPU.ActiveCfg = Release|Any CPU
		{B0C88601-9BA5-4998-A621-C4F50B64967E}.Release|Any CPU.Build.0 = Release|Any CPU
		{167D2A1A-F499-4074-AD0F-B30D9B70C55A}.Debug|Any CPU.ActiveCfg = Debug|Any CPU
		{167D2A1A-F499-4074-AD0F-B30D9B70C55A}.Debug|Any CPU.Build.0 = Debug|Any CPU
		{167D2A1A-F499-4074-AD0F-B30D9B70C55A}.Pro|Any CPU.ActiveCfg = Debug|Any CPU
		{167D2A1A-F499-4074-AD0F-B30D9B70C55A}.Pro|Any CPU.Build.0 = Debug|Any CPU
		{167D2A1A-F499-4074-AD0F-B30D9B70C55A}.Release|Any CPU.ActiveCfg = Release|Any CPU
		{167D2A1A-F499-4074-AD0F-B30D9B70C55A}.Release|Any CPU.Build.0 = Release|Any CPU
		{C7DA2DCC-7154-4373-A43B-B57FF2EFF244}.Debug|Any CPU.ActiveCfg = Debug|Any CPU
		{C7DA2DCC-7154-4373-A43B-B57FF2EFF244}.Debug|Any CPU.Build.0 = Debug|Any CPU
		{C7DA2DCC-7154-4373-A43B-B57FF2EFF244}.Pro|Any CPU.ActiveCfg = Debug|Any CPU
		{C7DA2DCC-7154-4373-A43B-B57FF2EFF244}.Pro|Any CPU.Build.0 = Debug|Any CPU
		{C7DA2DCC-7154-4373-A43B-B57FF2EFF244}.Release|Any CPU.ActiveCfg = Release|Any CPU
		{C7DA2DCC-7154-4373-A43B-B57FF2EFF244}.Release|Any CPU.Build.0 = Release|Any CPU
		{64AB8406-31DD-4E62-B9ED-45B0D8B0EFC7}.Debug|Any CPU.ActiveCfg = Debug|Any CPU
		{64AB8406-31DD-4E62-B9ED-45B0D8B0EFC7}.Debug|Any CPU.Build.0 = Debug|Any CPU
		{64AB8406-31DD-4E62-B9ED-45B0D8B0EFC7}.Debug|Any CPU.Deploy.0 = Debug|Any CPU
		{64AB8406-31DD-4E62-B9ED-45B0D8B0EFC7}.Pro|Any CPU.ActiveCfg = Debug|Any CPU
		{64AB8406-31DD-4E62-B9ED-45B0D8B0EFC7}.Pro|Any CPU.Build.0 = Debug|Any CPU
		{64AB8406-31DD-4E62-B9ED-45B0D8B0EFC7}.Pro|Any CPU.Deploy.0 = Debug|Any CPU
		{64AB8406-31DD-4E62-B9ED-45B0D8B0EFC7}.Release|Any CPU.ActiveCfg = Release|Any CPU
		{64AB8406-31DD-4E62-B9ED-45B0D8B0EFC7}.Release|Any CPU.Build.0 = Release|Any CPU
		{64AB8406-31DD-4E62-B9ED-45B0D8B0EFC7}.Release|Any CPU.Deploy.0 = Release|Any CPU
		{B905ECFA-B32F-4A33-B383-1F53891091DD}.Debug|Any CPU.ActiveCfg = Debug|Any CPU
		{B905ECFA-B32F-4A33-B383-1F53891091DD}.Debug|Any CPU.Build.0 = Debug|Any CPU
		{B905ECFA-B32F-4A33-B383-1F53891091DD}.Pro|Any CPU.ActiveCfg = Debug|Any CPU
		{B905ECFA-B32F-4A33-B383-1F53891091DD}.Pro|Any CPU.Build.0 = Debug|Any CPU
		{B905ECFA-B32F-4A33-B383-1F53891091DD}.Release|Any CPU.ActiveCfg = Release|Any CPU
		{B905ECFA-B32F-4A33-B383-1F53891091DD}.Release|Any CPU.Build.0 = Release|Any CPU
		{1BF8DA1F-D208-480F-B6FB-824F73E6AE6F}.Debug|Any CPU.ActiveCfg = Debug|Any CPU
		{1BF8DA1F-D208-480F-B6FB-824F73E6AE6F}.Debug|Any CPU.Build.0 = Debug|Any CPU
		{1BF8DA1F-D208-480F-B6FB-824F73E6AE6F}.Pro|Any CPU.ActiveCfg = Debug|Any CPU
		{1BF8DA1F-D208-480F-B6FB-824F73E6AE6F}.Pro|Any CPU.Build.0 = Debug|Any CPU
		{1BF8DA1F-D208-480F-B6FB-824F73E6AE6F}.Release|Any CPU.ActiveCfg = Release|Any CPU
		{1BF8DA1F-D208-480F-B6FB-824F73E6AE6F}.Release|Any CPU.Build.0 = Release|Any CPU
		{D72D6126-1136-4ECF-963D-BC9EDE2FF735}.Debug|Any CPU.ActiveCfg = Debug|Any CPU
		{D72D6126-1136-4ECF-963D-BC9EDE2FF735}.Debug|Any CPU.Build.0 = Debug|Any CPU
		{D72D6126-1136-4ECF-963D-BC9EDE2FF735}.Pro|Any CPU.ActiveCfg = Debug|Any CPU
		{D72D6126-1136-4ECF-963D-BC9EDE2FF735}.Pro|Any CPU.Build.0 = Debug|Any CPU
		{D72D6126-1136-4ECF-963D-BC9EDE2FF735}.Release|Any CPU.ActiveCfg = Release|Any CPU
		{D72D6126-1136-4ECF-963D-BC9EDE2FF735}.Release|Any CPU.Build.0 = Release|Any CPU
		{3ADAD91D-8B95-431C-B24E-AD2FF47E4332}.Debug|Any CPU.ActiveCfg = Debug|Any CPU
		{3ADAD91D-8B95-431C-B24E-AD2FF47E4332}.Debug|Any CPU.Build.0 = Debug|Any CPU
		{3ADAD91D-8B95-431C-B24E-AD2FF47E4332}.Pro|Any CPU.ActiveCfg = Debug|Any CPU
		{3ADAD91D-8B95-431C-B24E-AD2FF47E4332}.Pro|Any CPU.Build.0 = Debug|Any CPU
		{3ADAD91D-8B95-431C-B24E-AD2FF47E4332}.Release|Any CPU.ActiveCfg = Release|Any CPU
		{3ADAD91D-8B95-431C-B24E-AD2FF47E4332}.Release|Any CPU.Build.0 = Release|Any CPU
		{C38C410B-F048-4B3C-B1FB-62F9B8C4BC86}.Debug|Any CPU.ActiveCfg = Debug|Any CPU
		{C38C410B-F048-4B3C-B1FB-62F9B8C4BC86}.Debug|Any CPU.Build.0 = Debug|Any CPU
		{C38C410B-F048-4B3C-B1FB-62F9B8C4BC86}.Pro|Any CPU.ActiveCfg = Debug|Any CPU
		{C38C410B-F048-4B3C-B1FB-62F9B8C4BC86}.Pro|Any CPU.Build.0 = Debug|Any CPU
		{C38C410B-F048-4B3C-B1FB-62F9B8C4BC86}.Release|Any CPU.ActiveCfg = Release|Any CPU
		{C38C410B-F048-4B3C-B1FB-62F9B8C4BC86}.Release|Any CPU.Build.0 = Release|Any CPU
		{85EAC0CA-F6A5-4219-8842-C7B28B9CDDFB}.Debug|Any CPU.ActiveCfg = Debug|Any CPU
		{85EAC0CA-F6A5-4219-8842-C7B28B9CDDFB}.Debug|Any CPU.Build.0 = Debug|Any CPU
		{85EAC0CA-F6A5-4219-8842-C7B28B9CDDFB}.Pro|Any CPU.ActiveCfg = Debug|Any CPU
		{85EAC0CA-F6A5-4219-8842-C7B28B9CDDFB}.Pro|Any CPU.Build.0 = Debug|Any CPU
		{85EAC0CA-F6A5-4219-8842-C7B28B9CDDFB}.Release|Any CPU.ActiveCfg = Release|Any CPU
		{85EAC0CA-F6A5-4219-8842-C7B28B9CDDFB}.Release|Any CPU.Build.0 = Release|Any CPU
		{9D3BDE94-18B7-41DE-8935-3DCF233025F4}.Debug|Any CPU.ActiveCfg = Debug|Any CPU
		{9D3BDE94-18B7-41DE-8935-3DCF233025F4}.Debug|Any CPU.Build.0 = Debug|Any CPU
		{9D3BDE94-18B7-41DE-8935-3DCF233025F4}.Pro|Any CPU.ActiveCfg = Debug|Any CPU
		{9D3BDE94-18B7-41DE-8935-3DCF233025F4}.Pro|Any CPU.Build.0 = Debug|Any CPU
		{9D3BDE94-18B7-41DE-8935-3DCF233025F4}.Release|Any CPU.ActiveCfg = Release|Any CPU
		{9D3BDE94-18B7-41DE-8935-3DCF233025F4}.Release|Any CPU.Build.0 = Release|Any CPU
		{AA712A74-824C-4162-AC80-812ACE0C1FAF}.Debug|Any CPU.ActiveCfg = Debug|Any CPU
		{AA712A74-824C-4162-AC80-812ACE0C1FAF}.Debug|Any CPU.Build.0 = Debug|Any CPU
		{AA712A74-824C-4162-AC80-812ACE0C1FAF}.Pro|Any CPU.ActiveCfg = Debug|Any CPU
		{AA712A74-824C-4162-AC80-812ACE0C1FAF}.Pro|Any CPU.Build.0 = Debug|Any CPU
		{AA712A74-824C-4162-AC80-812ACE0C1FAF}.Release|Any CPU.ActiveCfg = Release|Any CPU
		{AA712A74-824C-4162-AC80-812ACE0C1FAF}.Release|Any CPU.Build.0 = Release|Any CPU
		{BF62CD7C-252B-4C32-80C8-29C2A6D68BE8}.Debug|Any CPU.ActiveCfg = Debug|Any CPU
		{BF62CD7C-252B-4C32-80C8-29C2A6D68BE8}.Debug|Any CPU.Build.0 = Debug|Any CPU
		{BF62CD7C-252B-4C32-80C8-29C2A6D68BE8}.Pro|Any CPU.ActiveCfg = Debug|Any CPU
		{BF62CD7C-252B-4C32-80C8-29C2A6D68BE8}.Pro|Any CPU.Build.0 = Debug|Any CPU
		{BF62CD7C-252B-4C32-80C8-29C2A6D68BE8}.Release|Any CPU.ActiveCfg = Release|Any CPU
		{BF62CD7C-252B-4C32-80C8-29C2A6D68BE8}.Release|Any CPU.Build.0 = Release|Any CPU
		{704AB1C2-44DA-4B0C-B96D-1F1A01487A47}.Debug|Any CPU.ActiveCfg = Debug|Any CPU
		{704AB1C2-44DA-4B0C-B96D-1F1A01487A47}.Debug|Any CPU.Build.0 = Debug|Any CPU
		{704AB1C2-44DA-4B0C-B96D-1F1A01487A47}.Pro|Any CPU.ActiveCfg = Debug|Any CPU
		{704AB1C2-44DA-4B0C-B96D-1F1A01487A47}.Pro|Any CPU.Build.0 = Debug|Any CPU
		{704AB1C2-44DA-4B0C-B96D-1F1A01487A47}.Release|Any CPU.ActiveCfg = Release|Any CPU
		{704AB1C2-44DA-4B0C-B96D-1F1A01487A47}.Release|Any CPU.Build.0 = Release|Any CPU
		{3E8D5997-6442-45CF-9571-69625B42D45D}.Debug|Any CPU.ActiveCfg = Debug|Any CPU
		{3E8D5997-6442-45CF-9571-69625B42D45D}.Debug|Any CPU.Build.0 = Debug|Any CPU
		{3E8D5997-6442-45CF-9571-69625B42D45D}.Pro|Any CPU.ActiveCfg = Debug|Any CPU
		{3E8D5997-6442-45CF-9571-69625B42D45D}.Pro|Any CPU.Build.0 = Debug|Any CPU
		{3E8D5997-6442-45CF-9571-69625B42D45D}.Release|Any CPU.ActiveCfg = Release|Any CPU
		{3E8D5997-6442-45CF-9571-69625B42D45D}.Release|Any CPU.Build.0 = Release|Any CPU
		{21DD9CFE-CF09-48BA-9A76-4F685D59DAEC}.Debug|Any CPU.ActiveCfg = Debug|Any CPU
		{21DD9CFE-CF09-48BA-9A76-4F685D59DAEC}.Debug|Any CPU.Build.0 = Debug|Any CPU
		{21DD9CFE-CF09-48BA-9A76-4F685D59DAEC}.Pro|Any CPU.ActiveCfg = Debug|Any CPU
		{21DD9CFE-CF09-48BA-9A76-4F685D59DAEC}.Pro|Any CPU.Build.0 = Debug|Any CPU
		{21DD9CFE-CF09-48BA-9A76-4F685D59DAEC}.Release|Any CPU.ActiveCfg = Release|Any CPU
		{21DD9CFE-CF09-48BA-9A76-4F685D59DAEC}.Release|Any CPU.Build.0 = Release|Any CPU
		{06FBD2E7-38F8-4754-8B9F-CFBA103EF97B}.Debug|Any CPU.ActiveCfg = Debug|Any CPU
		{06FBD2E7-38F8-4754-8B9F-CFBA103EF97B}.Debug|Any CPU.Build.0 = Debug|Any CPU
		{06FBD2E7-38F8-4754-8B9F-CFBA103EF97B}.Pro|Any CPU.ActiveCfg = Debug|Any CPU
		{06FBD2E7-38F8-4754-8B9F-CFBA103EF97B}.Pro|Any CPU.Build.0 = Debug|Any CPU
		{06FBD2E7-38F8-4754-8B9F-CFBA103EF97B}.Release|Any CPU.ActiveCfg = Release|Any CPU
		{06FBD2E7-38F8-4754-8B9F-CFBA103EF97B}.Release|Any CPU.Build.0 = Release|Any CPU
		{AA6D6B98-8A19-4A52-B641-32C5BB2D3078}.Debug|Any CPU.ActiveCfg = Debug|Any CPU
		{AA6D6B98-8A19-4A52-B641-32C5BB2D3078}.Debug|Any CPU.Build.0 = Debug|Any CPU
		{AA6D6B98-8A19-4A52-B641-32C5BB2D3078}.Pro|Any CPU.ActiveCfg = Debug|Any CPU
		{AA6D6B98-8A19-4A52-B641-32C5BB2D3078}.Pro|Any CPU.Build.0 = Debug|Any CPU
		{AA6D6B98-8A19-4A52-B641-32C5BB2D3078}.Release|Any CPU.ActiveCfg = Release|Any CPU
		{AA6D6B98-8A19-4A52-B641-32C5BB2D3078}.Release|Any CPU.Build.0 = Release|Any CPU
		{D31F20FB-AB00-41BD-A01B-9200FBDA5B03}.Debug|Any CPU.ActiveCfg = Debug|Any CPU
		{D31F20FB-AB00-41BD-A01B-9200FBDA5B03}.Debug|Any CPU.Build.0 = Debug|Any CPU
		{D31F20FB-AB00-41BD-A01B-9200FBDA5B03}.Pro|Any CPU.ActiveCfg = Debug|Any CPU
		{D31F20FB-AB00-41BD-A01B-9200FBDA5B03}.Pro|Any CPU.Build.0 = Debug|Any CPU
		{D31F20FB-AB00-41BD-A01B-9200FBDA5B03}.Release|Any CPU.ActiveCfg = Release|Any CPU
		{D31F20FB-AB00-41BD-A01B-9200FBDA5B03}.Release|Any CPU.Build.0 = Release|Any CPU
		{445FC131-B0E8-4182-BE1C-9B4EC4C6EC62}.Debug|Any CPU.ActiveCfg = Debug|Any CPU
		{445FC131-B0E8-4182-BE1C-9B4EC4C6EC62}.Debug|Any CPU.Build.0 = Debug|Any CPU
		{445FC131-B0E8-4182-BE1C-9B4EC4C6EC62}.Pro|Any CPU.ActiveCfg = Debug|Any CPU
		{445FC131-B0E8-4182-BE1C-9B4EC4C6EC62}.Pro|Any CPU.Build.0 = Debug|Any CPU
		{445FC131-B0E8-4182-BE1C-9B4EC4C6EC62}.Release|Any CPU.ActiveCfg = Release|Any CPU
		{445FC131-B0E8-4182-BE1C-9B4EC4C6EC62}.Release|Any CPU.Build.0 = Release|Any CPU
		{5F5307F7-F8DE-46DF-B2A9-0E0CB36519A9}.Debug|Any CPU.ActiveCfg = Debug|Any CPU
		{5F5307F7-F8DE-46DF-B2A9-0E0CB36519A9}.Debug|Any CPU.Build.0 = Debug|Any CPU
		{5F5307F7-F8DE-46DF-B2A9-0E0CB36519A9}.Pro|Any CPU.ActiveCfg = Debug|Any CPU
		{5F5307F7-F8DE-46DF-B2A9-0E0CB36519A9}.Pro|Any CPU.Build.0 = Debug|Any CPU
		{5F5307F7-F8DE-46DF-B2A9-0E0CB36519A9}.Release|Any CPU.ActiveCfg = Release|Any CPU
		{5F5307F7-F8DE-46DF-B2A9-0E0CB36519A9}.Release|Any CPU.Build.0 = Release|Any CPU
		{6BA78277-CC2F-4ABC-9A7D-E2E280A197A1}.Debug|Any CPU.ActiveCfg = Debug|Any CPU
		{6BA78277-CC2F-4ABC-9A7D-E2E280A197A1}.Debug|Any CPU.Build.0 = Debug|Any CPU
		{6BA78277-CC2F-4ABC-9A7D-E2E280A197A1}.Pro|Any CPU.ActiveCfg = Pro|Any CPU
		{6BA78277-CC2F-4ABC-9A7D-E2E280A197A1}.Pro|Any CPU.Build.0 = Pro|Any CPU
		{6BA78277-CC2F-4ABC-9A7D-E2E280A197A1}.Release|Any CPU.ActiveCfg = Release|Any CPU
		{6BA78277-CC2F-4ABC-9A7D-E2E280A197A1}.Release|Any CPU.Build.0 = Release|Any CPU
		{D0761203-8433-4CE8-940A-64CEAC332FEB}.Debug|Any CPU.ActiveCfg = Debug|Any CPU
		{D0761203-8433-4CE8-940A-64CEAC332FEB}.Debug|Any CPU.Build.0 = Debug|Any CPU
		{D0761203-8433-4CE8-940A-64CEAC332FEB}.Pro|Any CPU.ActiveCfg = Debug|Any CPU
		{D0761203-8433-4CE8-940A-64CEAC332FEB}.Pro|Any CPU.Build.0 = Debug|Any CPU
		{D0761203-8433-4CE8-940A-64CEAC332FEB}.Release|Any CPU.ActiveCfg = Release|Any CPU
		{D0761203-8433-4CE8-940A-64CEAC332FEB}.Release|Any CPU.Build.0 = Release|Any CPU
		{7AAB8A9B-CBC4-41F3-8694-29AFA611D70F}.Debug|Any CPU.ActiveCfg = Debug|Any CPU
		{7AAB8A9B-CBC4-41F3-8694-29AFA611D70F}.Debug|Any CPU.Build.0 = Debug|Any CPU
		{7AAB8A9B-CBC4-41F3-8694-29AFA611D70F}.Pro|Any CPU.ActiveCfg = Debug|Any CPU
		{7AAB8A9B-CBC4-41F3-8694-29AFA611D70F}.Pro|Any CPU.Build.0 = Debug|Any CPU
		{7AAB8A9B-CBC4-41F3-8694-29AFA611D70F}.Release|Any CPU.ActiveCfg = Release|Any CPU
		{7AAB8A9B-CBC4-41F3-8694-29AFA611D70F}.Release|Any CPU.Build.0 = Release|Any CPU
		{65E1E5B2-93A6-49B2-A998-8A3010234457}.Debug|Any CPU.ActiveCfg = Debug|Any CPU
		{65E1E5B2-93A6-49B2-A998-8A3010234457}.Debug|Any CPU.Build.0 = Debug|Any CPU
		{65E1E5B2-93A6-49B2-A998-8A3010234457}.Pro|Any CPU.ActiveCfg = Debug|Any CPU
		{65E1E5B2-93A6-49B2-A998-8A3010234457}.Pro|Any CPU.Build.0 = Debug|Any CPU
		{65E1E5B2-93A6-49B2-A998-8A3010234457}.Release|Any CPU.ActiveCfg = Release|Any CPU
		{65E1E5B2-93A6-49B2-A998-8A3010234457}.Release|Any CPU.Build.0 = Release|Any CPU
		{A0E5A96D-114F-436B-A3EB-A8BA45E54B27}.Debug|Any CPU.ActiveCfg = Debug|Any CPU
		{A0E5A96D-114F-436B-A3EB-A8BA45E54B27}.Debug|Any CPU.Build.0 = Debug|Any CPU
		{A0E5A96D-114F-436B-A3EB-A8BA45E54B27}.Pro|Any CPU.ActiveCfg = Debug|Any CPU
		{A0E5A96D-114F-436B-A3EB-A8BA45E54B27}.Pro|Any CPU.Build.0 = Debug|Any CPU
		{A0E5A96D-114F-436B-A3EB-A8BA45E54B27}.Release|Any CPU.ActiveCfg = Release|Any CPU
		{A0E5A96D-114F-436B-A3EB-A8BA45E54B27}.Release|Any CPU.Build.0 = Release|Any CPU
		{9F8738FC-1CBA-48F4-81DB-5E1797131C56}.Debug|Any CPU.ActiveCfg = Debug|Any CPU
		{9F8738FC-1CBA-48F4-81DB-5E1797131C56}.Debug|Any CPU.Build.0 = Debug|Any CPU
		{9F8738FC-1CBA-48F4-81DB-5E1797131C56}.Pro|Any CPU.ActiveCfg = Debug|Any CPU
		{9F8738FC-1CBA-48F4-81DB-5E1797131C56}.Pro|Any CPU.Build.0 = Debug|Any CPU
		{9F8738FC-1CBA-48F4-81DB-5E1797131C56}.Release|Any CPU.ActiveCfg = Release|Any CPU
		{9F8738FC-1CBA-48F4-81DB-5E1797131C56}.Release|Any CPU.Build.0 = Release|Any CPU
		{CAFD94F0-4466-4EBC-B79D-74FACC4EA654}.Debug|Any CPU.ActiveCfg = Debug|Any CPU
		{CAFD94F0-4466-4EBC-B79D-74FACC4EA654}.Debug|Any CPU.Build.0 = Debug|Any CPU
		{CAFD94F0-4466-4EBC-B79D-74FACC4EA654}.Pro|Any CPU.ActiveCfg = Debug|Any CPU
		{CAFD94F0-4466-4EBC-B79D-74FACC4EA654}.Pro|Any CPU.Build.0 = Debug|Any CPU
		{CAFD94F0-4466-4EBC-B79D-74FACC4EA654}.Release|Any CPU.ActiveCfg = Release|Any CPU
		{CAFD94F0-4466-4EBC-B79D-74FACC4EA654}.Release|Any CPU.Build.0 = Release|Any CPU
		{382512B0-8CD7-49E4-9130-04098178AFA1}.Debug|Any CPU.ActiveCfg = Debug|Any CPU
		{382512B0-8CD7-49E4-9130-04098178AFA1}.Debug|Any CPU.Build.0 = Debug|Any CPU
		{382512B0-8CD7-49E4-9130-04098178AFA1}.Pro|Any CPU.ActiveCfg = Debug|Any CPU
		{382512B0-8CD7-49E4-9130-04098178AFA1}.Pro|Any CPU.Build.0 = Debug|Any CPU
		{382512B0-8CD7-49E4-9130-04098178AFA1}.Release|Any CPU.ActiveCfg = Release|Any CPU
		{382512B0-8CD7-49E4-9130-04098178AFA1}.Release|Any CPU.Build.0 = Release|Any CPU
		{3899CBEA-1712-4271-8DBD-8ABEC04487A0}.Debug|Any CPU.ActiveCfg = Debug|Any CPU
		{3899CBEA-1712-4271-8DBD-8ABEC04487A0}.Debug|Any CPU.Build.0 = Debug|Any CPU
		{3899CBEA-1712-4271-8DBD-8ABEC04487A0}.Pro|Any CPU.ActiveCfg = Debug|Any CPU
		{3899CBEA-1712-4271-8DBD-8ABEC04487A0}.Pro|Any CPU.Build.0 = Debug|Any CPU
		{3899CBEA-1712-4271-8DBD-8ABEC04487A0}.Release|Any CPU.ActiveCfg = Release|Any CPU
		{3899CBEA-1712-4271-8DBD-8ABEC04487A0}.Release|Any CPU.Build.0 = Release|Any CPU
		{82C548A5-FA12-4A4F-BD5D-6A9765E62AE5}.Debug|Any CPU.ActiveCfg = Debug|Any CPU
		{82C548A5-FA12-4A4F-BD5D-6A9765E62AE5}.Debug|Any CPU.Build.0 = Debug|Any CPU
		{82C548A5-FA12-4A4F-BD5D-6A9765E62AE5}.Pro|Any CPU.ActiveCfg = Debug|Any CPU
		{82C548A5-FA12-4A4F-BD5D-6A9765E62AE5}.Pro|Any CPU.Build.0 = Debug|Any CPU
		{82C548A5-FA12-4A4F-BD5D-6A9765E62AE5}.Release|Any CPU.ActiveCfg = Release|Any CPU
		{82C548A5-FA12-4A4F-BD5D-6A9765E62AE5}.Release|Any CPU.Build.0 = Release|Any CPU
		{FF0A8B2D-E6DF-4CE3-A688-76B9F360F980}.Debug|Any CPU.ActiveCfg = Debug|Any CPU
		{FF0A8B2D-E6DF-4CE3-A688-76B9F360F980}.Debug|Any CPU.Build.0 = Debug|Any CPU
		{FF0A8B2D-E6DF-4CE3-A688-76B9F360F980}.Pro|Any CPU.ActiveCfg = Debug|Any CPU
		{FF0A8B2D-E6DF-4CE3-A688-76B9F360F980}.Pro|Any CPU.Build.0 = Debug|Any CPU
		{FF0A8B2D-E6DF-4CE3-A688-76B9F360F980}.Release|Any CPU.ActiveCfg = Release|Any CPU
		{FF0A8B2D-E6DF-4CE3-A688-76B9F360F980}.Release|Any CPU.Build.0 = Release|Any CPU
		{7BED8B42-6D20-4BBD-86F1-F8FB3F46741F}.Debug|Any CPU.ActiveCfg = Debug|Any CPU
		{7BED8B42-6D20-4BBD-86F1-F8FB3F46741F}.Debug|Any CPU.Build.0 = Debug|Any CPU
		{7BED8B42-6D20-4BBD-86F1-F8FB3F46741F}.Pro|Any CPU.ActiveCfg = Debug|Any CPU
		{7BED8B42-6D20-4BBD-86F1-F8FB3F46741F}.Pro|Any CPU.Build.0 = Debug|Any CPU
		{7BED8B42-6D20-4BBD-86F1-F8FB3F46741F}.Release|Any CPU.ActiveCfg = Release|Any CPU
		{7BED8B42-6D20-4BBD-86F1-F8FB3F46741F}.Release|Any CPU.Build.0 = Release|Any CPU
		{75989C0E-2496-4D98-B5E0-1F10B95CCD0D}.Debug|Any CPU.ActiveCfg = Debug|Any CPU
		{75989C0E-2496-4D98-B5E0-1F10B95CCD0D}.Debug|Any CPU.Build.0 = Debug|Any CPU
		{75989C0E-2496-4D98-B5E0-1F10B95CCD0D}.Pro|Any CPU.ActiveCfg = Debug|Any CPU
		{75989C0E-2496-4D98-B5E0-1F10B95CCD0D}.Pro|Any CPU.Build.0 = Debug|Any CPU
		{75989C0E-2496-4D98-B5E0-1F10B95CCD0D}.Release|Any CPU.ActiveCfg = Release|Any CPU
		{75989C0E-2496-4D98-B5E0-1F10B95CCD0D}.Release|Any CPU.Build.0 = Release|Any CPU
		{631CC553-F56A-42BA-8725-D8A2E6ED1F11}.Debug|Any CPU.ActiveCfg = Debug|Any CPU
		{631CC553-F56A-42BA-8725-D8A2E6ED1F11}.Debug|Any CPU.Build.0 = Debug|Any CPU
		{631CC553-F56A-42BA-8725-D8A2E6ED1F11}.Pro|Any CPU.ActiveCfg = Debug|Any CPU
		{631CC553-F56A-42BA-8725-D8A2E6ED1F11}.Pro|Any CPU.Build.0 = Debug|Any CPU
		{631CC553-F56A-42BA-8725-D8A2E6ED1F11}.Release|Any CPU.ActiveCfg = Release|Any CPU
		{631CC553-F56A-42BA-8725-D8A2E6ED1F11}.Release|Any CPU.Build.0 = Release|Any CPU
		{7457E767-D9D0-4113-AB59-6D1C34880F36}.Debug|Any CPU.ActiveCfg = Debug|Any CPU
		{7457E767-D9D0-4113-AB59-6D1C34880F36}.Debug|Any CPU.Build.0 = Debug|Any CPU
		{7457E767-D9D0-4113-AB59-6D1C34880F36}.Pro|Any CPU.ActiveCfg = Debug|Any CPU
		{7457E767-D9D0-4113-AB59-6D1C34880F36}.Pro|Any CPU.Build.0 = Debug|Any CPU
		{7457E767-D9D0-4113-AB59-6D1C34880F36}.Release|Any CPU.ActiveCfg = Release|Any CPU
		{7457E767-D9D0-4113-AB59-6D1C34880F36}.Release|Any CPU.Build.0 = Release|Any CPU
		{942FB8B3-B773-4367-BF14-2593207D47FF}.Debug|Any CPU.ActiveCfg = Debug|Any CPU
		{942FB8B3-B773-4367-BF14-2593207D47FF}.Debug|Any CPU.Build.0 = Debug|Any CPU
		{942FB8B3-B773-4367-BF14-2593207D47FF}.Pro|Any CPU.ActiveCfg = Debug|Any CPU
		{942FB8B3-B773-4367-BF14-2593207D47FF}.Pro|Any CPU.Build.0 = Debug|Any CPU
		{942FB8B3-B773-4367-BF14-2593207D47FF}.Release|Any CPU.ActiveCfg = Release|Any CPU
		{942FB8B3-B773-4367-BF14-2593207D47FF}.Release|Any CPU.Build.0 = Release|Any CPU
		{8A2B3984-D8C5-4A9E-A0B9-DAF2C898CEB9}.Debug|Any CPU.ActiveCfg = Debug|Any CPU
		{8A2B3984-D8C5-4A9E-A0B9-DAF2C898CEB9}.Debug|Any CPU.Build.0 = Debug|Any CPU
		{8A2B3984-D8C5-4A9E-A0B9-DAF2C898CEB9}.Pro|Any CPU.ActiveCfg = Debug|Any CPU
		{8A2B3984-D8C5-4A9E-A0B9-DAF2C898CEB9}.Pro|Any CPU.Build.0 = Debug|Any CPU
		{8A2B3984-D8C5-4A9E-A0B9-DAF2C898CEB9}.Release|Any CPU.ActiveCfg = Release|Any CPU
		{8A2B3984-D8C5-4A9E-A0B9-DAF2C898CEB9}.Release|Any CPU.Build.0 = Release|Any CPU
	EndGlobalSection
	GlobalSection(SolutionProperties) = preSolution
		HideSolutionNode = FALSE
	EndGlobalSection
	GlobalSection(NestedProjects) = preSolution
		{51D343D6-E947-4B1B-BFAC-9C1269F13C7D} = {F71D5CCC-6811-43A9-8C92-245C7ACBFD3F}
		{E855EDB9-F80C-4C85-9164-C588823DADE1} = {34BDD94A-24BC-4E08-8509-5D6657F4CDEA}
		{0163A58A-4E5F-4BA5-83D1-A0253424AED6} = {F71D5CCC-6811-43A9-8C92-245C7ACBFD3F}
		{5816A757-2DFD-48EF-80A8-88424B2EADCA} = {34BDD94A-24BC-4E08-8509-5D6657F4CDEA}
		{B299216D-39D5-41D8-A009-E39918748A94} = {F71D5CCC-6811-43A9-8C92-245C7ACBFD3F}
		{B66BC686-386B-4C97-9070-402151E4414A} = {E16D79AA-6B93-4634-90E6-3A445E6D2009}
		{C26C1234-5C33-41A8-91CB-1FF223BD3B03} = {34BDD94A-24BC-4E08-8509-5D6657F4CDEA}
		{37C935FF-4F39-4D0F-8EDC-FADB1BB8295B} = {0E23F4E6-C4E6-44C6-9E5A-D1E0AE07FCFF}
		{0964DA15-D947-427D-AB07-4A63B8D9F527} = {34BDD94A-24BC-4E08-8509-5D6657F4CDEA}
		{CA4F351F-D8D6-4F8A-8FAA-9A0AD643B1AE} = {0E23F4E6-C4E6-44C6-9E5A-D1E0AE07FCFF}
		{56D87D0E-99D6-4437-BE2A-492F2D624D86} = {F69469CF-1532-4491-A797-E560166909EB}
		{11D92E82-A256-4656-A640-D719EEA23ACE} = {0E23F4E6-C4E6-44C6-9E5A-D1E0AE07FCFF}
		{DF96D5A4-C007-4C11-B1E1-43D36AFA4622} = {34BDD94A-24BC-4E08-8509-5D6657F4CDEA}
		{B0C88601-9BA5-4998-A621-C4F50B64967E} = {0E23F4E6-C4E6-44C6-9E5A-D1E0AE07FCFF}
		{167D2A1A-F499-4074-AD0F-B30D9B70C55A} = {34BDD94A-24BC-4E08-8509-5D6657F4CDEA}
		{C7DA2DCC-7154-4373-A43B-B57FF2EFF244} = {F69469CF-1532-4491-A797-E560166909EB}
		{64AB8406-31DD-4E62-B9ED-45B0D8B0EFC7} = {F71D5CCC-6811-43A9-8C92-245C7ACBFD3F}
		{B905ECFA-B32F-4A33-B383-1F53891091DD} = {F71D5CCC-6811-43A9-8C92-245C7ACBFD3F}
		{1BF8DA1F-D208-480F-B6FB-824F73E6AE6F} = {34BDD94A-24BC-4E08-8509-5D6657F4CDEA}
		{D72D6126-1136-4ECF-963D-BC9EDE2FF735} = {0E23F4E6-C4E6-44C6-9E5A-D1E0AE07FCFF}
		{3ADAD91D-8B95-431C-B24E-AD2FF47E4332} = {0E23F4E6-C4E6-44C6-9E5A-D1E0AE07FCFF}
		{C38C410B-F048-4B3C-B1FB-62F9B8C4BC86} = {E16D79AA-6B93-4634-90E6-3A445E6D2009}
		{85EAC0CA-F6A5-4219-8842-C7B28B9CDDFB} = {01B73C11-DBC0-46F6-AB45-C67F36246F3B}
		{9D3BDE94-18B7-41DE-8935-3DCF233025F4} = {34BDD94A-24BC-4E08-8509-5D6657F4CDEA}
		{BDCA77FE-898A-4478-B114-D5D1C4D72486} = {950B5B4F-1658-45B0-B73E-75A64976CB39}
		{AA712A74-824C-4162-AC80-812ACE0C1FAF} = {BDCA77FE-898A-4478-B114-D5D1C4D72486}
		{BF62CD7C-252B-4C32-80C8-29C2A6D68BE8} = {BDCA77FE-898A-4478-B114-D5D1C4D72486}
		{6FB26F88-AD6D-49D5-9FDE-49B017AA7ADA} = {950B5B4F-1658-45B0-B73E-75A64976CB39}
		{704AB1C2-44DA-4B0C-B96D-1F1A01487A47} = {6FB26F88-AD6D-49D5-9FDE-49B017AA7ADA}
		{67E88883-E962-4AC7-9F2A-26F9B38CF24D} = {950B5B4F-1658-45B0-B73E-75A64976CB39}
		{3E8D5997-6442-45CF-9571-69625B42D45D} = {67E88883-E962-4AC7-9F2A-26F9B38CF24D}
		{21DD9CFE-CF09-48BA-9A76-4F685D59DAEC} = {6FB26F88-AD6D-49D5-9FDE-49B017AA7ADA}
		{06FBD2E7-38F8-4754-8B9F-CFBA103EF97B} = {34BDD94A-24BC-4E08-8509-5D6657F4CDEA}
		{AA6D6B98-8A19-4A52-B641-32C5BB2D3078} = {67E88883-E962-4AC7-9F2A-26F9B38CF24D}
		{D31F20FB-AB00-41BD-A01B-9200FBDA5B03} = {67E88883-E962-4AC7-9F2A-26F9B38CF24D}
		{445FC131-B0E8-4182-BE1C-9B4EC4C6EC62} = {AE62032A-3717-4D6F-8498-276F97714184}
		{5F5307F7-F8DE-46DF-B2A9-0E0CB36519A9} = {AE62032A-3717-4D6F-8498-276F97714184}
		{6BA78277-CC2F-4ABC-9A7D-E2E280A197A1} = {AE62032A-3717-4D6F-8498-276F97714184}
		{D0761203-8433-4CE8-940A-64CEAC332FEB} = {67E88883-E962-4AC7-9F2A-26F9B38CF24D}
		{7AAB8A9B-CBC4-41F3-8694-29AFA611D70F} = {BDCA77FE-898A-4478-B114-D5D1C4D72486}
		{65E1E5B2-93A6-49B2-A998-8A3010234457} = {6FB26F88-AD6D-49D5-9FDE-49B017AA7ADA}
		{A0E5A96D-114F-436B-A3EB-A8BA45E54B27} = {BDCA77FE-898A-4478-B114-D5D1C4D72486}
		{9F8738FC-1CBA-48F4-81DB-5E1797131C56} = {0E23F4E6-C4E6-44C6-9E5A-D1E0AE07FCFF}
		{CAFD94F0-4466-4EBC-B79D-74FACC4EA654} = {34BDD94A-24BC-4E08-8509-5D6657F4CDEA}
		{CF2AC64E-34D0-4DA2-A5EF-2CC86C686F6F} = {34BDD94A-24BC-4E08-8509-5D6657F4CDEA}
		{382512B0-8CD7-49E4-9130-04098178AFA1} = {CF2AC64E-34D0-4DA2-A5EF-2CC86C686F6F}
		{3899CBEA-1712-4271-8DBD-8ABEC04487A0} = {01B73C11-DBC0-46F6-AB45-C67F36246F3B}
		{82C548A5-FA12-4A4F-BD5D-6A9765E62AE5} = {AE62032A-3717-4D6F-8498-276F97714184}
		{FF0A8B2D-E6DF-4CE3-A688-76B9F360F980} = {34BDD94A-24BC-4E08-8509-5D6657F4CDEA}
		{7BED8B42-6D20-4BBD-86F1-F8FB3F46741F} = {01B73C11-DBC0-46F6-AB45-C67F36246F3B}
		{75989C0E-2496-4D98-B5E0-1F10B95CCD0D} = {BDCA77FE-898A-4478-B114-D5D1C4D72486}
		{631CC553-F56A-42BA-8725-D8A2E6ED1F11} = {0E23F4E6-C4E6-44C6-9E5A-D1E0AE07FCFF}
		{7457E767-D9D0-4113-AB59-6D1C34880F36} = {34BDD94A-24BC-4E08-8509-5D6657F4CDEA}
		{942FB8B3-B773-4367-BF14-2593207D47FF} = {0E23F4E6-C4E6-44C6-9E5A-D1E0AE07FCFF}
		{8A2B3984-D8C5-4A9E-A0B9-DAF2C898CEB9} = {01B73C11-DBC0-46F6-AB45-C67F36246F3B}
	EndGlobalSection
	GlobalSection(ExtensibilityGlobals) = postSolution
		SolutionGuid = {3EF585C3-DEA7-4851-B5DF-5F1094F5F4F7}
	EndGlobalSection
	GlobalSection(Performance) = preSolution
		HasPerformanceSessions = true
	EndGlobalSection
	GlobalSection(Performance) = preSolution
		HasPerformanceSessions = true
	EndGlobalSection
EndGlobal
